// !$*UTF8*$!
{
	archiveVersion = 1;
	classes = {
	};
	objectVersion = 48;
	objects = {

/* Begin PBXBuildFile section */
		03CB052C7D5CD59BD25EDA30 /* libPods-sqlite3.a in Frameworks */ = {isa = PBXBuildFile; fileRef = A35AC0B39A95F919B821C2AD /* libPods-sqlite3.a */; };
		335A16631FE0F441004ED485 /* AppDelegate.m in Sources */ = {isa = PBXBuildFile; fileRef = 335A16621FE0F441004ED485 /* AppDelegate.m */; };
		335A16661FE0F441004ED485 /* ViewController.m in Sources */ = {isa = PBXBuildFile; fileRef = 335A16651FE0F441004ED485 /* ViewController.m */; };
		335A166B1FE0F441004ED485 /* Assets.xcassets in Resources */ = {isa = PBXBuildFile; fileRef = 335A166A1FE0F441004ED485 /* Assets.xcassets */; };
		335A166E1FE0F441004ED485 /* LaunchScreen.storyboard in Resources */ = {isa = PBXBuildFile; fileRef = 335A166C1FE0F441004ED485 /* LaunchScreen.storyboard */; };
		335A16711FE0F441004ED485 /* main.m in Sources */ = {isa = PBXBuildFile; fileRef = 335A16701FE0F441004ED485 /* main.m */; };
		335A167B1FE0F442004ED485 /* sqlite3Tests.m in Sources */ = {isa = PBXBuildFile; fileRef = 335A167A1FE0F442004ED485 /* sqlite3Tests.m */; };
		335A16861FE0F442004ED485 /* sqlite3UITests.m in Sources */ = {isa = PBXBuildFile; fileRef = 335A16851FE0F442004ED485 /* sqlite3UITests.m */; };
		335A16941FE0F8C0004ED485 /* libsqlite3.0.tbd in Frameworks */ = {isa = PBXBuildFile; fileRef = 335A16931FE0F8C0004ED485 /* libsqlite3.0.tbd */; };
		335A16971FE121ED004ED485 /* ZYSQLiteDBTool.m in Sources */ = {isa = PBXBuildFile; fileRef = 335A16961FE121ED004ED485 /* ZYSQLiteDBTool.m */; };
		335A169A1FE12229004ED485 /* SQLViewController.m in Sources */ = {isa = PBXBuildFile; fileRef = 335A16991FE12229004ED485 /* SQLViewController.m */; };
/* End PBXBuildFile section */

/* Begin PBXContainerItemProxy section */
		335A16771FE0F442004ED485 /* PBXContainerItemProxy */ = {
			isa = PBXContainerItemProxy;
			containerPortal = 335A16561FE0F441004ED485 /* Project object */;
			proxyType = 1;
			remoteGlobalIDString = 335A165D1FE0F441004ED485;
			remoteInfo = sqlite3;
		};
		335A16821FE0F442004ED485 /* PBXContainerItemProxy */ = {
			isa = PBXContainerItemProxy;
			containerPortal = 335A16561FE0F441004ED485 /* Project object */;
			proxyType = 1;
			remoteGlobalIDString = 335A165D1FE0F441004ED485;
			remoteInfo = sqlite3;
		};
/* End PBXContainerItemProxy section */

/* Begin PBXFileReference section */
		335A165E1FE0F441004ED485 /* sqlite3.app */ = {isa = PBXFileReference; explicitFileType = wrapper.application; includeInIndex = 0; path = sqlite3.app; sourceTree = BUILT_PRODUCTS_DIR; };
		335A16611FE0F441004ED485 /* AppDelegate.h */ = {isa = PBXFileReference; lastKnownFileType = sourcecode.c.h; path = AppDelegate.h; sourceTree = "<group>"; };
		335A16621FE0F441004ED485 /* AppDelegate.m */ = {isa = PBXFileReference; lastKnownFileType = sourcecode.c.objc; path = AppDelegate.m; sourceTree = "<group>"; };
		335A16641FE0F441004ED485 /* ViewController.h */ = {isa = PBXFileReference; lastKnownFileType = sourcecode.c.h; path = ViewController.h; sourceTree = "<group>"; };
		335A16651FE0F441004ED485 /* ViewController.m */ = {isa = PBXFileReference; lastKnownFileType = sourcecode.c.objc; path = ViewController.m; sourceTree = "<group>"; };
		335A166A1FE0F441004ED485 /* Assets.xcassets */ = {isa = PBXFileReference; lastKnownFileType = folder.assetcatalog; path = Assets.xcassets; sourceTree = "<group>"; };
		335A166D1FE0F441004ED485 /* Base */ = {isa = PBXFileReference; lastKnownFileType = file.storyboard; name = Base; path = Base.lproj/LaunchScreen.storyboard; sourceTree = "<group>"; };
		335A166F1FE0F441004ED485 /* Info.plist */ = {isa = PBXFileReference; lastKnownFileType = text.plist.xml; path = Info.plist; sourceTree = "<group>"; };
		335A16701FE0F441004ED485 /* main.m */ = {isa = PBXFileReference; lastKnownFileType = sourcecode.c.objc; path = main.m; sourceTree = "<group>"; };
		335A16761FE0F442004ED485 /* sqlite3Tests.xctest */ = {isa = PBXFileReference; explicitFileType = wrapper.cfbundle; includeInIndex = 0; path = sqlite3Tests.xctest; sourceTree = BUILT_PRODUCTS_DIR; };
		335A167A1FE0F442004ED485 /* sqlite3Tests.m */ = {isa = PBXFileReference; lastKnownFileType = sourcecode.c.objc; path = sqlite3Tests.m; sourceTree = "<group>"; };
		335A167C1FE0F442004ED485 /* Info.plist */ = {isa = PBXFileReference; lastKnownFileType = text.plist.xml; path = Info.plist; sourceTree = "<group>"; };
		335A16811FE0F442004ED485 /* sqlite3UITests.xctest */ = {isa = PBXFileReference; explicitFileType = wrapper.cfbundle; includeInIndex = 0; path = sqlite3UITests.xctest; sourceTree = BUILT_PRODUCTS_DIR; };
		335A16851FE0F442004ED485 /* sqlite3UITests.m */ = {isa = PBXFileReference; lastKnownFileType = sourcecode.c.objc; path = sqlite3UITests.m; sourceTree = "<group>"; };
		335A16871FE0F442004ED485 /* Info.plist */ = {isa = PBXFileReference; lastKnownFileType = text.plist.xml; path = Info.plist; sourceTree = "<group>"; };
		335A16931FE0F8C0004ED485 /* libsqlite3.0.tbd */ = {isa = PBXFileReference; lastKnownFileType = "sourcecode.text-based-dylib-definition"; name = libsqlite3.0.tbd; path = usr/lib/libsqlite3.0.tbd; sourceTree = SDKROOT; };
		335A16951FE121ED004ED485 /* ZYSQLiteDBTool.h */ = {isa = PBXFileReference; lastKnownFileType = sourcecode.c.h; path = ZYSQLiteDBTool.h; sourceTree = "<group>"; };
		335A16961FE121ED004ED485 /* ZYSQLiteDBTool.m */ = {isa = PBXFileReference; lastKnownFileType = sourcecode.c.objc; path = ZYSQLiteDBTool.m; sourceTree = "<group>"; };
		335A16981FE12229004ED485 /* SQLViewController.h */ = {isa = PBXFileReference; lastKnownFileType = sourcecode.c.h; path = SQLViewController.h; sourceTree = "<group>"; };
		335A16991FE12229004ED485 /* SQLViewController.m */ = {isa = PBXFileReference; lastKnownFileType = sourcecode.c.objc; path = SQLViewController.m; sourceTree = "<group>"; };
		A35AC0B39A95F919B821C2AD /* libPods-sqlite3.a */ = {isa = PBXFileReference; explicitFileType = archive.ar; includeInIndex = 0; path = "libPods-sqlite3.a"; sourceTree = BUILT_PRODUCTS_DIR; };
		A4D8BFA8E94F9EE9721D0E80 /* Pods-sqlite3.debug.xcconfig */ = {isa = PBXFileReference; includeInIndex = 1; lastKnownFileType = text.xcconfig; name = "Pods-sqlite3.debug.xcconfig"; path = "Pods/Target Support Files/Pods-sqlite3/Pods-sqlite3.debug.xcconfig"; sourceTree = "<group>"; };
		B341BD2EF2117FE655268035 /* Pods-sqlite3.release.xcconfig */ = {isa = PBXFileReference; includeInIndex = 1; lastKnownFileType = text.xcconfig; name = "Pods-sqlite3.release.xcconfig"; path = "Pods/Target Support Files/Pods-sqlite3/Pods-sqlite3.release.xcconfig"; sourceTree = "<group>"; };
/* End PBXFileReference section */

/* Begin PBXFrameworksBuildPhase section */
		335A165B1FE0F441004ED485 /* Frameworks */ = {
			isa = PBXFrameworksBuildPhase;
			buildActionMask = 2147483647;
			files = (
				335A16941FE0F8C0004ED485 /* libsqlite3.0.tbd in Frameworks */,
				03CB052C7D5CD59BD25EDA30 /* libPods-sqlite3.a in Frameworks */,
			);
			runOnlyForDeploymentPostprocessing = 0;
		};
		335A16731FE0F442004ED485 /* Frameworks */ = {
			isa = PBXFrameworksBuildPhase;
			buildActionMask = 2147483647;
			files = (
			);
			runOnlyForDeploymentPostprocessing = 0;
		};
		335A167E1FE0F442004ED485 /* Frameworks */ = {
			isa = PBXFrameworksBuildPhase;
			buildActionMask = 2147483647;
			files = (
			);
			runOnlyForDeploymentPostprocessing = 0;
		};
/* End PBXFrameworksBuildPhase section */

/* Begin PBXGroup section */
		335A16551FE0F441004ED485 = {
			isa = PBXGroup;
			children = (
				335A16601FE0F441004ED485 /* sqlite3 */,
				335A16791FE0F442004ED485 /* sqlite3Tests */,
				335A16841FE0F442004ED485 /* sqlite3UITests */,
				335A165F1FE0F441004ED485 /* Products */,
				BA8374DA57C84AFC71D1450A /* Pods */,
				3B2085F3356178DB3DFDE414 /* Frameworks */,
			);
			sourceTree = "<group>";
		};
		335A165F1FE0F441004ED485 /* Products */ = {
			isa = PBXGroup;
			children = (
				335A165E1FE0F441004ED485 /* sqlite3.app */,
				335A16761FE0F442004ED485 /* sqlite3Tests.xctest */,
				335A16811FE0F442004ED485 /* sqlite3UITests.xctest */,
			);
			name = Products;
			sourceTree = "<group>";
		};
		335A16601FE0F441004ED485 /* sqlite3 */ = {
			isa = PBXGroup;
			children = (
				335A16611FE0F441004ED485 /* AppDelegate.h */,
				335A16621FE0F441004ED485 /* AppDelegate.m */,
				335A16641FE0F441004ED485 /* ViewController.h */,
				335A16651FE0F441004ED485 /* ViewController.m */,
				335A16981FE12229004ED485 /* SQLViewController.h */,
				335A16991FE12229004ED485 /* SQLViewController.m */,
				335A16951FE121ED004ED485 /* ZYSQLiteDBTool.h */,
				335A16961FE121ED004ED485 /* ZYSQLiteDBTool.m */,
				335A166A1FE0F441004ED485 /* Assets.xcassets */,
				335A166C1FE0F441004ED485 /* LaunchScreen.storyboard */,
				335A166F1FE0F441004ED485 /* Info.plist */,
				335A16701FE0F441004ED485 /* main.m */,
			);
			path = sqlite3;
			sourceTree = "<group>";
		};
		335A16791FE0F442004ED485 /* sqlite3Tests */ = {
			isa = PBXGroup;
			children = (
				335A167A1FE0F442004ED485 /* sqlite3Tests.m */,
				335A167C1FE0F442004ED485 /* Info.plist */,
			);
			path = sqlite3Tests;
			sourceTree = "<group>";
		};
		335A16841FE0F442004ED485 /* sqlite3UITests */ = {
			isa = PBXGroup;
			children = (
				335A16851FE0F442004ED485 /* sqlite3UITests.m */,
				335A16871FE0F442004ED485 /* Info.plist */,
			);
			path = sqlite3UITests;
			sourceTree = "<group>";
		};
		3B2085F3356178DB3DFDE414 /* Frameworks */ = {
			isa = PBXGroup;
			children = (
				335A16931FE0F8C0004ED485 /* libsqlite3.0.tbd */,
				A35AC0B39A95F919B821C2AD /* libPods-sqlite3.a */,
			);
			name = Frameworks;
			sourceTree = "<group>";
		};
		BA8374DA57C84AFC71D1450A /* Pods */ = {
			isa = PBXGroup;
			children = (
				A4D8BFA8E94F9EE9721D0E80 /* Pods-sqlite3.debug.xcconfig */,
				B341BD2EF2117FE655268035 /* Pods-sqlite3.release.xcconfig */,
			);
			name = Pods;
			sourceTree = "<group>";
		};
/* End PBXGroup section */

/* Begin PBXNativeTarget section */
		335A165D1FE0F441004ED485 /* sqlite3 */ = {
			isa = PBXNativeTarget;
			buildConfigurationList = 335A168A1FE0F442004ED485 /* Build configuration list for PBXNativeTarget "sqlite3" */;
			buildPhases = (
				B3D749ADADDF5FB4C81E3B08 /* [CP] Check Pods Manifest.lock */,
				335A165A1FE0F441004ED485 /* Sources */,
				335A165B1FE0F441004ED485 /* Frameworks */,
				335A165C1FE0F441004ED485 /* Resources */,
				AA127F8CD7856AC8CA27D2F8 /* [CP] Embed Pods Frameworks */,
				8F800DBD8258796FB769AE3F /* [CP] Copy Pods Resources */,
			);
			buildRules = (
			);
			dependencies = (
			);
			name = sqlite3;
			productName = sqlite3;
			productReference = 335A165E1FE0F441004ED485 /* sqlite3.app */;
			productType = "com.apple.product-type.application";
		};
		335A16751FE0F442004ED485 /* sqlite3Tests */ = {
			isa = PBXNativeTarget;
			buildConfigurationList = 335A168D1FE0F442004ED485 /* Build configuration list for PBXNativeTarget "sqlite3Tests" */;
			buildPhases = (
				335A16721FE0F442004ED485 /* Sources */,
				335A16731FE0F442004ED485 /* Frameworks */,
				335A16741FE0F442004ED485 /* Resources */,
			);
			buildRules = (
			);
			dependencies = (
				335A16781FE0F442004ED485 /* PBXTargetDependency */,
			);
			name = sqlite3Tests;
			productName = sqlite3Tests;
			productReference = 335A16761FE0F442004ED485 /* sqlite3Tests.xctest */;
			productType = "com.apple.product-type.bundle.unit-test";
		};
		335A16801FE0F442004ED485 /* sqlite3UITests */ = {
			isa = PBXNativeTarget;
			buildConfigurationList = 335A16901FE0F442004ED485 /* Build configuration list for PBXNativeTarget "sqlite3UITests" */;
			buildPhases = (
				335A167D1FE0F442004ED485 /* Sources */,
				335A167E1FE0F442004ED485 /* Frameworks */,
				335A167F1FE0F442004ED485 /* Resources */,
			);
			buildRules = (
			);
			dependencies = (
				335A16831FE0F442004ED485 /* PBXTargetDependency */,
			);
			name = sqlite3UITests;
			productName = sqlite3UITests;
			productReference = 335A16811FE0F442004ED485 /* sqlite3UITests.xctest */;
			productType = "com.apple.product-type.bundle.ui-testing";
		};
/* End PBXNativeTarget section */

/* Begin PBXProject section */
		335A16561FE0F441004ED485 /* Project object */ = {
			isa = PBXProject;
			attributes = {
				LastUpgradeCheck = 0910;
				ORGANIZATIONNAME = guidekj;
				TargetAttributes = {
					335A165D1FE0F441004ED485 = {
						CreatedOnToolsVersion = 9.1;
						ProvisioningStyle = Automatic;
					};
					335A16751FE0F442004ED485 = {
						CreatedOnToolsVersion = 9.1;
						ProvisioningStyle = Automatic;
						TestTargetID = 335A165D1FE0F441004ED485;
					};
					335A16801FE0F442004ED485 = {
						CreatedOnToolsVersion = 9.1;
						ProvisioningStyle = Automatic;
						TestTargetID = 335A165D1FE0F441004ED485;
					};
				};
			};
			buildConfigurationList = 335A16591FE0F441004ED485 /* Build configuration list for PBXProject "sqlite3" */;
			compatibilityVersion = "Xcode 8.0";
			developmentRegion = en;
			hasScannedForEncodings = 0;
			knownRegions = (
				en,
				Base,
			);
			mainGroup = 335A16551FE0F441004ED485;
			productRefGroup = 335A165F1FE0F441004ED485 /* Products */;
			projectDirPath = "";
			projectRoot = "";
			targets = (
				335A165D1FE0F441004ED485 /* sqlite3 */,
				335A16751FE0F442004ED485 /* sqlite3Tests */,
				335A16801FE0F442004ED485 /* sqlite3UITests */,
			);
		};
/* End PBXProject section */

/* Begin PBXResourcesBuildPhase section */
		335A165C1FE0F441004ED485 /* Resources */ = {
			isa = PBXResourcesBuildPhase;
			buildActionMask = 2147483647;
			files = (
				335A166E1FE0F441004ED485 /* LaunchScreen.storyboard in Resources */,
				335A166B1FE0F441004ED485 /* Assets.xcassets in Resources */,
			);
			runOnlyForDeploymentPostprocessing = 0;
		};
		335A16741FE0F442004ED485 /* Resources */ = {
			isa = PBXResourcesBuildPhase;
			buildActionMask = 2147483647;
			files = (
			);
			runOnlyForDeploymentPostprocessing = 0;
		};
		335A167F1FE0F442004ED485 /* Resources */ = {
			isa = PBXResourcesBuildPhase;
			buildActionMask = 2147483647;
			files = (
			);
			runOnlyForDeploymentPostprocessing = 0;
		};
/* End PBXResourcesBuildPhase section */

/* Begin PBXShellScriptBuildPhase section */
		8F800DBD8258796FB769AE3F /* [CP] Copy Pods Resources */ = {
			isa = PBXShellScriptBuildPhase;
			buildActionMask = 2147483647;
			files = (
			);
			inputPaths = (
			);
			name = "[CP] Copy Pods Resources";
			outputPaths = (
			);
			runOnlyForDeploymentPostprocessing = 0;
			shellPath = /bin/sh;
			shellScript = "\"${SRCROOT}/Pods/Target Support Files/Pods-sqlite3/Pods-sqlite3-resources.sh\"\n";
			showEnvVarsInLog = 0;
		};
		AA127F8CD7856AC8CA27D2F8 /* [CP] Embed Pods Frameworks */ = {
			isa = PBXShellScriptBuildPhase;
			buildActionMask = 2147483647;
			files = (
			);
			inputPaths = (
			);
			name = "[CP] Embed Pods Frameworks";
			outputPaths = (
			);
			runOnlyForDeploymentPostprocessing = 0;
			shellPath = /bin/sh;
			shellScript = "\"${SRCROOT}/Pods/Target Support Files/Pods-sqlite3/Pods-sqlite3-frameworks.sh\"\n";
			showEnvVarsInLog = 0;
		};
		B3D749ADADDF5FB4C81E3B08 /* [CP] Check Pods Manifest.lock */ = {
			isa = PBXShellScriptBuildPhase;
			buildActionMask = 2147483647;
			files = (
			);
			inputPaths = (
			);
			name = "[CP] Check Pods Manifest.lock";
			outputPaths = (
			);
			runOnlyForDeploymentPostprocessing = 0;
			shellPath = /bin/sh;
			shellScript = "diff \"${PODS_ROOT}/../Podfile.lock\" \"${PODS_ROOT}/Manifest.lock\" > /dev/null\nif [ $? != 0 ] ; then\n    # print error to STDERR\n    echo \"error: The sandbox is not in sync with the Podfile.lock. Run 'pod install' or update your CocoaPods installation.\" >&2\n    exit 1\nfi\n";
			showEnvVarsInLog = 0;
		};
/* End PBXShellScriptBuildPhase section */

/* Begin PBXSourcesBuildPhase section */
		335A165A1FE0F441004ED485 /* Sources */ = {
			isa = PBXSourcesBuildPhase;
			buildActionMask = 2147483647;
			files = (
				335A16971FE121ED004ED485 /* ZYSQLiteDBTool.m in Sources */,
				335A169A1FE12229004ED485 /* SQLViewController.m in Sources */,
				335A16661FE0F441004ED485 /* ViewController.m in Sources */,
				335A16711FE0F441004ED485 /* main.m in Sources */,
				335A16631FE0F441004ED485 /* AppDelegate.m in Sources */,
			);
			runOnlyForDeploymentPostprocessing = 0;
		};
		335A16721FE0F442004ED485 /* Sources */ = {
			isa = PBXSourcesBuildPhase;
			buildActionMask = 2147483647;
			files = (
				335A167B1FE0F442004ED485 /* sqlite3Tests.m in Sources */,
			);
			runOnlyForDeploymentPostprocessing = 0;
		};
		335A167D1FE0F442004ED485 /* Sources */ = {
			isa = PBXSourcesBuildPhase;
			buildActionMask = 2147483647;
			files = (
				335A16861FE0F442004ED485 /* sqlite3UITests.m in Sources */,
			);
			runOnlyForDeploymentPostprocessing = 0;
		};
/* End PBXSourcesBuildPhase section */

/* Begin PBXTargetDependency section */
		335A16781FE0F442004ED485 /* PBXTargetDependency */ = {
			isa = PBXTargetDependency;
			target = 335A165D1FE0F441004ED485 /* sqlite3 */;
			targetProxy = 335A16771FE0F442004ED485 /* PBXContainerItemProxy */;
		};
		335A16831FE0F442004ED485 /* PBXTargetDependency */ = {
			isa = PBXTargetDependency;
			target = 335A165D1FE0F441004ED485 /* sqlite3 */;
			targetProxy = 335A16821FE0F442004ED485 /* PBXContainerItemProxy */;
		};
/* End PBXTargetDependency section */

/* Begin PBXVariantGroup section */
		335A166C1FE0F441004ED485 /* LaunchScreen.storyboard */ = {
			isa = PBXVariantGroup;
			children = (
				335A166D1FE0F441004ED485 /* Base */,
			);
			name = LaunchScreen.storyboard;
			sourceTree = "<group>";
		};
/* End PBXVariantGroup section */

/* Begin XCBuildConfiguration section */
		335A16881FE0F442004ED485 /* Debug */ = {
			isa = XCBuildConfiguration;
			buildSettings = {
				ALWAYS_SEARCH_USER_PATHS = NO;
				CLANG_ANALYZER_NONNULL = YES;
				CLANG_ANALYZER_NUMBER_OBJECT_CONVERSION = YES_AGGRESSIVE;
				CLANG_CXX_LANGUAGE_STANDARD = "gnu++14";
				CLANG_CXX_LIBRARY = "libc++";
				CLANG_ENABLE_MODULES = YES;
				CLANG_ENABLE_OBJC_ARC = YES;
				CLANG_WARN_BLOCK_CAPTURE_AUTORELEASING = YES;
				CLANG_WARN_BOOL_CONVERSION = YES;
				CLANG_WARN_COMMA = YES;
				CLANG_WARN_CONSTANT_CONVERSION = YES;
				CLANG_WARN_DIRECT_OBJC_ISA_USAGE = YES_ERROR;
				CLANG_WARN_DOCUMENTATION_COMMENTS = YES;
				CLANG_WARN_EMPTY_BODY = YES;
				CLANG_WARN_ENUM_CONVERSION = YES;
				CLANG_WARN_INFINITE_RECURSION = YES;
				CLANG_WARN_INT_CONVERSION = YES;
				CLANG_WARN_NON_LITERAL_NULL_CONVERSION = YES;
				CLANG_WARN_OBJC_LITERAL_CONVERSION = YES;
				CLANG_WARN_OBJC_ROOT_CLASS = YES_ERROR;
				CLANG_WARN_RANGE_LOOP_ANALYSIS = YES;
				CLANG_WARN_STRICT_PROTOTYPES = YES;
				CLANG_WARN_SUSPICIOUS_MOVE = YES;
				CLANG_WARN_UNGUARDED_AVAILABILITY = YES_AGGRESSIVE;
				CLANG_WARN_UNREACHABLE_CODE = YES;
				CLANG_WARN__DUPLICATE_METHOD_MATCH = YES;
				CODE_SIGN_IDENTITY = "iPhone Developer";
				COPY_PHASE_STRIP = NO;
				DEBUG_INFORMATION_FORMAT = dwarf;
				ENABLE_STRICT_OBJC_MSGSEND = YES;
				ENABLE_TESTABILITY = YES;
				GCC_C_LANGUAGE_STANDARD = gnu11;
				GCC_DYNAMIC_NO_PIC = NO;
				GCC_NO_COMMON_BLOCKS = YES;
				GCC_OPTIMIZATION_LEVEL = 0;
				GCC_PREPROCESSOR_DEFINITIONS = (
					"DEBUG=1",
					"$(inherited)",
				);
				GCC_WARN_64_TO_32_BIT_CONVERSION = YES;
				GCC_WARN_ABOUT_RETURN_TYPE = YES_ERROR;
				GCC_WARN_UNDECLARED_SELECTOR = YES;
				GCC_WARN_UNINITIALIZED_AUTOS = YES_AGGRESSIVE;
				GCC_WARN_UNUSED_FUNCTION = YES;
				GCC_WARN_UNUSED_VARIABLE = YES;
				IPHONEOS_DEPLOYMENT_TARGET = 11.1;
				MTL_ENABLE_DEBUG_INFO = YES;
				ONLY_ACTIVE_ARCH = YES;
				SDKROOT = iphoneos;
			};
			name = Debug;
		};
		335A16891FE0F442004ED485 /* Release */ = {
			isa = XCBuildConfiguration;
			buildSettings = {
				ALWAYS_SEARCH_USER_PATHS = NO;
				CLANG_ANALYZER_NONNULL = YES;
				CLANG_ANALYZER_NUMBER_OBJECT_CONVERSION = YES_AGGRESSIVE;
				CLANG_CXX_LANGUAGE_STANDARD = "gnu++14";
				CLANG_CXX_LIBRARY = "libc++";
				CLANG_ENABLE_MODULES = YES;
				CLANG_ENABLE_OBJC_ARC = YES;
				CLANG_WARN_BLOCK_CAPTURE_AUTORELEASING = YES;
				CLANG_WARN_BOOL_CONVERSION = YES;
				CLANG_WARN_COMMA = YES;
				CLANG_WARN_CONSTANT_CONVERSION = YES;
				CLANG_WARN_DIRECT_OBJC_ISA_USAGE = YES_ERROR;
				CLANG_WARN_DOCUMENTATION_COMMENTS = YES;
				CLANG_WARN_EMPTY_BODY = YES;
				CLANG_WARN_ENUM_CONVERSION = YES;
				CLANG_WARN_INFINITE_RECURSION = YES;
				CLANG_WARN_INT_CONVERSION = YES;
				CLANG_WARN_NON_LITERAL_NULL_CONVERSION = YES;
				CLANG_WARN_OBJC_LITERAL_CONVERSION = YES;
				CLANG_WARN_OBJC_ROOT_CLASS = YES_ERROR;
				CLANG_WARN_RANGE_LOOP_ANALYSIS = YES;
				CLANG_WARN_STRICT_PROTOTYPES = YES;
				CLANG_WARN_SUSPICIOUS_MOVE = YES;
				CLANG_WARN_UNGUARDED_AVAILABILITY = YES_AGGRESSIVE;
				CLANG_WARN_UNREACHABLE_CODE = YES;
				CLANG_WARN__DUPLICATE_METHOD_MATCH = YES;
				CODE_SIGN_IDENTITY = "iPhone Developer";
				COPY_PHASE_STRIP = NO;
				DEBUG_INFORMATION_FORMAT = "dwarf-with-dsym";
				ENABLE_NS_ASSERTIONS = NO;
				ENABLE_STRICT_OBJC_MSGSEND = YES;
				GCC_C_LANGUAGE_STANDARD = gnu11;
				GCC_NO_COMMON_BLOCKS = YES;
				GCC_WARN_64_TO_32_BIT_CONVERSION = YES;
				GCC_WARN_ABOUT_RETURN_TYPE = YES_ERROR;
				GCC_WARN_UNDECLARED_SELECTOR = YES;
				GCC_WARN_UNINITIALIZED_AUTOS = YES_AGGRESSIVE;
				GCC_WARN_UNUSED_FUNCTION = YES;
				GCC_WARN_UNUSED_VARIABLE = YES;
				IPHONEOS_DEPLOYMENT_TARGET = 11.1;
				MTL_ENABLE_DEBUG_INFO = NO;
				SDKROOT = iphoneos;
				VALIDATE_PRODUCT = YES;
			};
			name = Release;
		};
		335A168B1FE0F442004ED485 /* Debug */ = {
			isa = XCBuildConfiguration;
			baseConfigurationReference = A4D8BFA8E94F9EE9721D0E80 /* Pods-sqlite3.debug.xcconfig */;
			buildSettings = {
				ASSETCATALOG_COMPILER_APPICON_NAME = AppIcon;
				CODE_SIGN_STYLE = Automatic;
				DEVELOPMENT_TEAM = WRNUC3KJ6A;
				INFOPLIST_FILE = sqlite3/Info.plist;
				IPHONEOS_DEPLOYMENT_TARGET = 8.0;
				LD_RUNPATH_SEARCH_PATHS = "$(inherited) @executable_path/Frameworks";
				PRODUCT_BUNDLE_IDENTIFIER = com.star.sqlite3;
				PRODUCT_NAME = "$(TARGET_NAME)";
				TARGETED_DEVICE_FAMILY = 1;
			};
			name = Debug;
		};
		335A168C1FE0F442004ED485 /* Release */ = {
			isa = XCBuildConfiguration;
			baseConfigurationReference = B341BD2EF2117FE655268035 /* Pods-sqlite3.release.xcconfig */;
			buildSettings = {
				ASSETCATALOG_COMPILER_APPICON_NAME = AppIcon;
				CODE_SIGN_STYLE = Automatic;
				DEVELOPMENT_TEAM = WRNUC3KJ6A;
				INFOPLIST_FILE = sqlite3/Info.plist;
				IPHONEOS_DEPLOYMENT_TARGET = 8.0;
				LD_RUNPATH_SEARCH_PATHS = "$(inherited) @executable_path/Frameworks";
				PRODUCT_BUNDLE_IDENTIFIER = com.star.sqlite3;
				PRODUCT_NAME = "$(TARGET_NAME)";
				TARGETED_DEVICE_FAMILY = 1;
			};
			name = Release;
		};
		335A168E1FE0F442004ED485 /* Debug */ = {
			isa = XCBuildConfiguration;
			buildSettings = {
				BUNDLE_LOADER = "$(TEST_HOST)";
				CODE_SIGN_STYLE = Automatic;
				DEVELOPMENT_TEAM = WRNUC3KJ6A;
				INFOPLIST_FILE = sqlite3Tests/Info.plist;
				LD_RUNPATH_SEARCH_PATHS = "$(inherited) @executable_path/Frameworks @loader_path/Frameworks";
				PRODUCT_BUNDLE_IDENTIFIER = com.star.sqlite3Tests;
				PRODUCT_NAME = "$(TARGET_NAME)";
				TARGETED_DEVICE_FAMILY = "1,2";
				TEST_HOST = "$(BUILT_PRODUCTS_DIR)/sqlite3.app/sqlite3";
			};
			name = Debug;
		};
		335A168F1FE0F442004ED485 /* Release */ = {
			isa = XCBuildConfiguration;
			buildSettings = {
				BUNDLE_LOADER = "$(TEST_HOST)";
				CODE_SIGN_STYLE = Automatic;
				DEVELOPMENT_TEAM = WRNUC3KJ6A;
				INFOPLIST_FILE = sqlite3Tests/Info.plist;
				LD_RUNPATH_SEARCH_PATHS = "$(inherited) @executable_path/Frameworks @loader_path/Frameworks";
				PRODUCT_BUNDLE_IDENTIFIER = com.star.sqlite3Tests;
				PRODUCT_NAME = "$(TARGET_NAME)";
				TARGETED_DEVICE_FAMILY = "1,2";
				TEST_HOST = "$(BUILT_PRODUCTS_DIR)/sqlite3.app/sqlite3";
			};
			name = Release;
		};
		335A16911FE0F442004ED485 /* Debug */ = {
			isa = XCBuildConfiguration;
			buildSettings = {
				CODE_SIGN_STYLE = Automatic;
				DEVELOPMENT_TEAM = WRNUC3KJ6A;
				INFOPLIST_FILE = sqlite3UITests/Info.plist;
				LD_RUNPATH_SEARCH_PATHS = "$(inherited) @executable_path/Frameworks @loader_path/Frameworks";
				PRODUCT_BUNDLE_IDENTIFIER = com.star.sqlite3UITests;
				PRODUCT_NAME = "$(TARGET_NAME)";
				TARGETED_DEVICE_FAMILY = "1,2";
				TEST_TARGET_NAME = sqlite3;
			};
			name = Debug;
		};
		335A16921FE0F442004ED485 /* Release */ = {
			isa = XCBuildConfiguration;
			buildSettings = {
				CODE_SIGN_STYLE = Automatic;
				DEVELOPMENT_TEAM = WRNUC3KJ6A;
				INFOPLIST_FILE = sqlite3UITests/Info.plist;
				LD_RUNPATH_SEARCH_PATHS = "$(inherited) @executable_path/Frameworks @loader_path/Frameworks";
				PRODUCT_BUNDLE_IDENTIFIER = com.star.sqlite3UITests;
				PRODUCT_NAME = "$(TARGET_NAME)";
				TARGETED_DEVICE_FAMILY = "1,2";
				TEST_TARGET_NAME = sqlite3;
			};
			name = Release;
		};
/* End XCBuildConfiguration section */

/* Begin XCConfigurationList section */
		335A16591FE0F441004ED485 /* Build configuration list for PBXProject "sqlite3" */ = {
			isa = XCConfigurationList;
			buildConfigurations = (
				335A16881FE0F442004ED485 /* Debug */,
				335A16891FE0F442004ED485 /* Release */,
			);
			defaultConfigurationIsVisible = 0;
			defaultConfigurationName = Release;
		};
		335A168A1FE0F442004ED485 /* Build configuration list for PBXNativeTarget "sqlite3" */ = {
			isa = XCConfigurationList;
			buildConfigurations = (
				335A168B1FE0F442004ED485 /* Debug */,
				335A168C1FE0F442004ED485 /* Release */,
			);
			defaultConfigurationIsVisible = 0;
			defaultConfigurationName = Release;
		};
		335A168D1FE0F442004ED485 /* Build configuration list for PBXNativeTarget "sqlite3Tests" */ = {
			isa = XCConfigurationList;
			buildConfigurations = (
				335A168E1FE0F442004ED485 /* Debug */,
				335A168F1FE0F442004ED485 /* Release */,
			);
			defaultConfigurationIsVisible = 0;
			defaultConfigurationName = Release;
		};
		335A16901FE0F442004ED485 /* Build configuration list for PBXNativeTarget "sqlite3UITests" */ = {
			isa = XCConfigurationList;
			buildConfigurations = (
				335A16911FE0F442004ED485 /* Debug */,
				335A16921FE0F442004ED485 /* Release */,
			);
			defaultConfigurationIsVisible = 0;
			defaultConfigurationName = Release;
		};
/* End XCConfigurationList section */
	};
	rootObject = 335A16561FE0F441004ED485 /* Project object */;
}
